// !$*UTF8*$!
{
	archiveVersion = 1;
	classes = {
	};
	objectVersion = 50;
	objects = {

/* Begin PBXBuildFile section */
		FAEB84C32392C75100103EB9 /* AppDelegate.swift in Sources */ = {isa = PBXBuildFile; fileRef = FAEB84C22392C75100103EB9 /* AppDelegate.swift */; };
		FAEB84C52392C75100103EB9 /* SceneDelegate.swift in Sources */ = {isa = PBXBuildFile; fileRef = FAEB84C42392C75100103EB9 /* SceneDelegate.swift */; };
		FAEB84C72392C75100103EB9 /* ViewController.swift in Sources */ = {isa = PBXBuildFile; fileRef = FAEB84C62392C75100103EB9 /* ViewController.swift */; };
		FAEB84CA2392C75100103EB9 /* Main.storyboard in Resources */ = {isa = PBXBuildFile; fileRef = FAEB84C82392C75100103EB9 /* Main.storyboard */; };
		FAEB84CC2392C75300103EB9 /* Assets.xcassets in Resources */ = {isa = PBXBuildFile; fileRef = FAEB84CB2392C75300103EB9 /* Assets.xcassets */; };
		FAEB84CF2392C75300103EB9 /* LaunchScreen.storyboard in Resources */ = {isa = PBXBuildFile; fileRef = FAEB84CD2392C75300103EB9 /* LaunchScreen.storyboard */; };
		FAEB84DA2392C75300103EB9 /* TextFieldUITests.swift in Sources */ = {isa = PBXBuildFile; fileRef = FAEB84D92392C75300103EB9 /* TextFieldUITests.swift */; };
/* End PBXBuildFile section */

/* Begin PBXContainerItemProxy section */
		FAEB84D62392C75300103EB9 /* PBXContainerItemProxy */ = {
			isa = PBXContainerItemProxy;
			containerPortal = FAEB84B72392C75100103EB9 /* Project object */;
			proxyType = 1;
			remoteGlobalIDString = FAEB84BE2392C75100103EB9;
			remoteInfo = TextField;
		};
/* End PBXContainerItemProxy section */

/* Begin PBXFileReference section */
		FAEB84BF2392C75100103EB9 /* TextField.app */ = {isa = PBXFileReference; explicitFileType = wrapper.application; includeInIndex = 0; path = TextField.app; sourceTree = BUILT_PRODUCTS_DIR; };
		FAEB84C22392C75100103EB9 /* AppDelegate.swift */ = {isa = PBXFileReference; lastKnownFileType = sourcecode.swift; path = AppDelegate.swift; sourceTree = "<group>"; };
		FAEB84C42392C75100103EB9 /* SceneDelegate.swift */ = {isa = PBXFileReference; lastKnownFileType = sourcecode.swift; path = SceneDelegate.swift; sourceTree = "<group>"; };
		FAEB84C62392C75100103EB9 /* ViewController.swift */ = {isa = PBXFileReference; lastKnownFileType = sourcecode.swift; path = ViewController.swift; sourceTree = "<group>"; };
		FAEB84C92392C75100103EB9 /* Base */ = {isa = PBXFileReference; lastKnownFileType = file.storyboard; name = Base; path = Base.lproj/Main.storyboard; sourceTree = "<group>"; };
		FAEB84CB2392C75300103EB9 /* Assets.xcassets */ = {isa = PBXFileReference; lastKnownFileType = folder.assetcatalog; path = Assets.xcassets; sourceTree = "<group>"; };
		FAEB84CE2392C75300103EB9 /* Base */ = {isa = PBXFileReference; lastKnownFileType = file.storyboard; name = Base; path = Base.lproj/LaunchScreen.storyboard; sourceTree = "<group>"; };
		FAEB84D02392C75300103EB9 /* Info.plist */ = {isa = PBXFileReference; lastKnownFileType = text.plist.xml; path = Info.plist; sourceTree = "<group>"; };
		FAEB84D52392C75300103EB9 /* TextFieldUITests.xctest */ = {isa = PBXFileReference; explicitFileType = wrapper.cfbundle; includeInIndex = 0; path = TextFieldUITests.xctest; sourceTree = BUILT_PRODUCTS_DIR; };
		FAEB84D92392C75300103EB9 /* TextFieldUITests.swift */ = {isa = PBXFileReference; lastKnownFileType = sourcecode.swift; path = TextFieldUITests.swift; sourceTree = "<group>"; };
		FAEB84DB2392C75300103EB9 /* Info.plist */ = {isa = PBXFileReference; lastKnownFileType = text.plist.xml; path = Info.plist; sourceTree = "<group>"; };
/* End PBXFileReference section */

/* Begin PBXFrameworksBuildPhase section */
		FAEB84BC2392C75100103EB9 /* Frameworks */ = {
			isa = PBXFrameworksBuildPhase;
			buildActionMask = 2147483647;
			files = (
			);
			runOnlyForDeploymentPostprocessing = 0;
		};
		FAEB84D22392C75300103EB9 /* Frameworks */ = {
			isa = PBXFrameworksBuildPhase;
			buildActionMask = 2147483647;
			files = (
			);
			runOnlyForDeploymentPostprocessing = 0;
		};
/* End PBXFrameworksBuildPhase section */

/* Begin PBXGroup section */
		FAEB84B62392C75100103EB9 = {
			isa = PBXGroup;
			children = (
				FAEB84C12392C75100103EB9 /* TextField */,
				FAEB84D82392C75300103EB9 /* TextFieldUITests */,
				FAEB84C02392C75100103EB9 /* Products */,
			);
			sourceTree = "<group>";
		};
		FAEB84C02392C75100103EB9 /* Products */ = {
			isa = PBXGroup;
			children = (
				FAEB84BF2392C75100103EB9 /* TextField.app */,
				FAEB84D52392C75300103EB9 /* TextFieldUITests.xctest */,
			);
			name = Products;
			sourceTree = "<group>";
		};
		FAEB84C12392C75100103EB9 /* TextField */ = {
			isa = PBXGroup;
			children = (
				FAEB84C22392C75100103EB9 /* AppDelegate.swift */,
				FAEB84C42392C75100103EB9 /* SceneDelegate.swift */,
				FAEB84C62392C75100103EB9 /* ViewController.swift */,
				FAEB84C82392C75100103EB9 /* Main.storyboard */,
				FAEB84CB2392C75300103EB9 /* Assets.xcassets */,
				FAEB84CD2392C75300103EB9 /* LaunchScreen.storyboard */,
				FAEB84D02392C75300103EB9 /* Info.plist */,
			);
			path = TextField;
			sourceTree = "<group>";
		};
		FAEB84D82392C75300103EB9 /* TextFieldUITests */ = {
			isa = PBXGroup;
			children = (
				FAEB84D92392C75300103EB9 /* TextFieldUITests.swift */,
				FAEB84DB2392C75300103EB9 /* Info.plist */,
			);
			path = TextFieldUITests;
			sourceTree = "<group>";
		};
/* End PBXGroup section */

/* Begin PBXNativeTarget section */
		FAEB84BE2392C75100103EB9 /* TextField */ = {
			isa = PBXNativeTarget;
			buildConfigurationList = FAEB84DE2392C75300103EB9 /* Build configuration list for PBXNativeTarget "TextField" */;
			buildPhases = (
				FAEB84BB2392C75100103EB9 /* Sources */,
				FAEB84BC2392C75100103EB9 /* Frameworks */,
				FAEB84BD2392C75100103EB9 /* Resources */,
			);
			buildRules = (
			);
			dependencies = (
			);
			name = TextField;
			productName = TextField;
			productReference = FAEB84BF2392C75100103EB9 /* TextField.app */;
			productType = "com.apple.product-type.application";
		};
		FAEB84D42392C75300103EB9 /* TextFieldUITests */ = {
			isa = PBXNativeTarget;
			buildConfigurationList = FAEB84E12392C75300103EB9 /* Build configuration list for PBXNativeTarget "TextFieldUITests" */;
			buildPhases = (
				FAEB84D12392C75300103EB9 /* Sources */,
				FAEB84D22392C75300103EB9 /* Frameworks */,
				FAEB84D32392C75300103EB9 /* Resources */,
			);
			buildRules = (
			);
			dependencies = (
				FAEB84D72392C75300103EB9 /* PBXTargetDependency */,
			);
			name = TextFieldUITests;
			productName = TextFieldUITests;
			productReference = FAEB84D52392C75300103EB9 /* TextFieldUITests.xctest */;
			productType = "com.apple.product-type.bundle.ui-testing";
		};
/* End PBXNativeTarget section */

/* Begin PBXProject section */
		FAEB84B72392C75100103EB9 /* Project object */ = {
			isa = PBXProject;
			attributes = {
				LastSwiftUpdateCheck = 1120;
				LastUpgradeCheck = 1120;
				ORGANIZATIONNAME = "Alex Trott";
				TargetAttributes = {
					FAEB84BE2392C75100103EB9 = {
						CreatedOnToolsVersion = 11.2.1;
					};
					FAEB84D42392C75300103EB9 = {
						CreatedOnToolsVersion = 11.2.1;
						TestTargetID = FAEB84BE2392C75100103EB9;
					};
				};
			};
			buildConfigurationList = FAEB84BA2392C75100103EB9 /* Build configuration list for PBXProject "TextField" */;
			compatibilityVersion = "Xcode 9.3";
			developmentRegion = en;
			hasScannedForEncodings = 0;
			knownRegions = (
				en,
				Base,
			);
			mainGroup = FAEB84B62392C75100103EB9;
			productRefGroup = FAEB84C02392C75100103EB9 /* Products */;
			projectDirPath = "";
			projectRoot = "";
			targets = (
				FAEB84BE2392C75100103EB9 /* TextField */,
				FAEB84D42392C75300103EB9 /* TextFieldUITests */,
			);
		};
/* End PBXProject section */

/* Begin PBXResourcesBuildPhase section */
		FAEB84BD2392C75100103EB9 /* Resources */ = {
			isa = PBXResourcesBuildPhase;
			buildActionMask = 2147483647;
			files = (
				FAEB84CF2392C75300103EB9 /* LaunchScreen.storyboard in Resources */,
				FAEB84CC2392C75300103EB9 /* Assets.xcassets in Resources */,
				FAEB84CA2392C75100103EB9 /* Main.storyboard in Resources */,
			);
			runOnlyForDeploymentPostprocessing = 0;
		};
		FAEB84D32392C75300103EB9 /* Resources */ = {
			isa = PBXResourcesBuildPhase;
			buildActionMask = 2147483647;
			files = (
			);
			runOnlyForDeploymentPostprocessing = 0;
		};
/* End PBXResourcesBuildPhase section */

/* Begin PBXSourcesBuildPhase section */
		FAEB84BB2392C75100103EB9 /* Sources */ = {
			isa = PBXSourcesBuildPhase;
			buildActionMask = 2147483647;
			files = (
				FAEB84C72392C75100103EB9 /* ViewController.swift in Sources */,
				FAEB84C32392C75100103EB9 /* AppDelegate.swift in Sources */,
				FAEB84C52392C75100103EB9 /* SceneDelegate.swift in Sources */,
			);
			runOnlyForDeploymentPostprocessing = 0;
		};
		FAEB84D12392C75300103EB9 /* Sources */ = {
			isa = PBXSourcesBuildPhase;
			buildActionMask = 2147483647;
			files = (
				FAEB84DA2392C75300103EB9 /* TextFieldUITests.swift in Sources */,
			);
			runOnlyForDeploymentPostprocessing = 0;
		};
/* End PBXSourcesBuildPhase section */

/* Begin PBXTargetDependency section */
		FAEB84D72392C75300103EB9 /* PBXTargetDependency */ = {
			isa = PBXTargetDependency;
			target = FAEB84BE2392C75100103EB9 /* TextField */;
			targetProxy = FAEB84D62392C75300103EB9 /* PBXContainerItemProxy */;
		};
/* End PBXTargetDependency section */

/* Begin PBXVariantGroup section */
		FAEB84C82392C75100103EB9 /* Main.storyboard */ = {
			isa = PBXVariantGroup;
			children = (
				FAEB84C92392C75100103EB9 /* Base */,
			);
			name = Main.storyboard;
			sourceTree = "<group>";
		};
		FAEB84CD2392C75300103EB9 /* LaunchScreen.storyboard */ = {
			isa = PBXVariantGroup;
			children = (
				FAEB84CE2392C75300103EB9 /* Base */,
			);
			name = LaunchScreen.storyboard;
			sourceTree = "<group>";
		};
/* End PBXVariantGroup section */

/* Begin XCBuildConfiguration section */
		FAEB84DC2392C75300103EB9 /* Debug */ = {
			isa = XCBuildConfiguration;
			buildSettings = {
				ALWAYS_SEARCH_USER_PATHS = NO;
				CLANG_ANALYZER_NONNULL = YES;
				CLANG_ANALYZER_NUMBER_OBJECT_CONVERSION = YES_AGGRESSIVE;
				CLANG_CXX_LANGUAGE_STANDARD = "gnu++14";
				CLANG_CXX_LIBRARY = "libc++";
				CLANG_ENABLE_MODULES = YES;
				CLANG_ENABLE_OBJC_ARC = YES;
				CLANG_ENABLE_OBJC_WEAK = YES;
				CLANG_WARN_BLOCK_CAPTURE_AUTORELEASING = YES;
				CLANG_WARN_BOOL_CONVERSION = YES;
				CLANG_WARN_COMMA = YES;
				CLANG_WARN_CONSTANT_CONVERSION = YES;
				CLANG_WARN_DEPRECATED_OBJC_IMPLEMENTATIONS = YES;
				CLANG_WARN_DIRECT_OBJC_ISA_USAGE = YES_ERROR;
				CLANG_WARN_DOCUMENTATION_COMMENTS = YES;
				CLANG_WARN_EMPTY_BODY = YES;
				CLANG_WARN_ENUM_CONVERSION = YES;
				CLANG_WARN_INFINITE_RECURSION = YES;
				CLANG_WARN_INT_CONVERSION = YES;
				CLANG_WARN_NON_LITERAL_NULL_CONVERSION = YES;
				CLANG_WARN_OBJC_IMPLICIT_RETAIN_SELF = YES;
				CLANG_WARN_OBJC_LITERAL_CONVERSION = YES;
				CLANG_WARN_OBJC_ROOT_CLASS = YES_ERROR;
				CLANG_WARN_RANGE_LOOP_ANALYSIS = YES;
				CLANG_WARN_STRICT_PROTOTYPES = YES;
				CLANG_WARN_SUSPICIOUS_MOVE = YES;
				CLANG_WARN_UNGUARDED_AVAILABILITY = YES_AGGRESSIVE;
				CLANG_WARN_UNREACHABLE_CODE = YES;
				CLANG_WARN__DUPLICATE_METHOD_MATCH = YES;
				COPY_PHASE_STRIP = NO;
				DEBUG_INFORMATION_FORMAT = dwarf;
				ENABLE_STRICT_OBJC_MSGSEND = YES;
				ENABLE_TESTABILITY = YES;
				GCC_C_LANGUAGE_STANDARD = gnu11;
				GCC_DYNAMIC_NO_PIC = NO;
				GCC_NO_COMMON_BLOCKS = YES;
				GCC_OPTIMIZATION_LEVEL = 0;
				GCC_PREPROCESSOR_DEFINITIONS = (
					"DEBUG=1",
					"$(inherited)",
				);
				GCC_WARN_64_TO_32_BIT_CONVERSION = YES;
				GCC_WARN_ABOUT_RETURN_TYPE = YES_ERROR;
				GCC_WARN_UNDECLARED_SELECTOR = YES;
				GCC_WARN_UNINITIALIZED_AUTOS = YES_AGGRESSIVE;
				GCC_WARN_UNUSED_FUNCTION = YES;
				GCC_WARN_UNUSED_VARIABLE = YES;
				IPHONEOS_DEPLOYMENT_TARGET = 13.2;
				MTL_ENABLE_DEBUG_INFO = INCLUDE_SOURCE;
				MTL_FAST_MATH = YES;
				ONLY_ACTIVE_ARCH = YES;
				SDKROOT = iphoneos;
				SWIFT_ACTIVE_COMPILATION_CONDITIONS = DEBUG;
				SWIFT_OPTIMIZATION_LEVEL = "-Onone";
			};
			name = Debug;
		};
		FAEB84DD2392C75300103EB9 /* Release */ = {
			isa = XCBuildConfiguration;
			buildSettings = {
				ALWAYS_SEARCH_USER_PATHS = NO;
				CLANG_ANALYZER_NONNULL = YES;
				CLANG_ANALYZER_NUMBER_OBJECT_CONVERSION = YES_AGGRESSIVE;
				CLANG_CXX_LANGUAGE_STANDARD = "gnu++14";
				CLANG_CXX_LIBRARY = "libc++";
				CLANG_ENABLE_MODULES = YES;
				CLANG_ENABLE_OBJC_ARC = YES;
				CLANG_ENABLE_OBJC_WEAK = YES;
				CLANG_WARN_BLOCK_CAPTURE_AUTORELEASING = YES;
				CLANG_WARN_BOOL_CONVERSION = YES;
				CLANG_WARN_COMMA = YES;
				CLANG_WARN_CONSTANT_CONVERSION = YES;
				CLANG_WARN_DEPRECATED_OBJC_IMPLEMENTATIONS = YES;
				CLANG_WARN_DIRECT_OBJC_ISA_USAGE = YES_ERROR;
				CLANG_WARN_DOCUMENTATION_COMMENTS = YES;
				CLANG_WARN_EMPTY_BODY = YES;
				CLANG_WARN_ENUM_CONVERSION = YES;
				CLANG_WARN_INFINITE_RECURSION = YES;
				CLANG_WARN_INT_CONVERSION = YES;
				CLANG_WARN_NON_LITERAL_NULL_CONVERSION = YES;
				CLANG_WARN_OBJC_IMPLICIT_RETAIN_SELF = YES;
				CLANG_WARN_OBJC_LITERAL_CONVERSION = YES;
				CLANG_WARN_OBJC_ROOT_CLASS = YES_ERROR;
				CLANG_WARN_RANGE_LOOP_ANALYSIS = YES;
				CLANG_WARN_STRICT_PROTOTYPES = YES;
				CLANG_WARN_SUSPICIOUS_MOVE = YES;
				CLANG_WARN_UNGUARDED_AVAILABILITY = YES_AGGRESSIVE;
				CLANG_WARN_UNREACHABLE_CODE = YES;
				CLANG_WARN__DUPLICATE_METHOD_MATCH = YES;
				COPY_PHASE_STRIP = NO;
				DEBUG_INFORMATION_FORMAT = "dwarf-with-dsym";
				ENABLE_NS_ASSERTIONS = NO;
				ENABLE_STRICT_OBJC_MSGSEND = YES;
				GCC_C_LANGUAGE_STANDARD = gnu11;
				GCC_NO_COMMON_BLOCKS = YES;
				GCC_WARN_64_TO_32_BIT_CONVERSION = YES;
				GCC_WARN_ABOUT_RETURN_TYPE = YES_ERROR;
				GCC_WARN_UNDECLARED_SELECTOR = YES;
				GCC_WARN_UNINITIALIZED_AUTOS = YES_AGGRESSIVE;
				GCC_WARN_UNUSED_FUNCTION = YES;
				GCC_WARN_UNUSED_VARIABLE = YES;
				IPHONEOS_DEPLOYMENT_TARGET = 13.2;
				MTL_ENABLE_DEBUG_INFO = NO;
				MTL_FAST_MATH = YES;
				SDKROOT = iphoneos;
				SWIFT_COMPILATION_MODE = wholemodule;
				SWIFT_OPTIMIZATION_LEVEL = "-O";
				VALIDATE_PRODUCT = YES;
			};
			name = Release;
		};
		FAEB84DF2392C75300103EB9 /* Debug */ = {
			isa = XCBuildConfiguration;
			buildSettings = {
				ASSETCATALOG_COMPILER_APPICON_NAME = AppIcon;
				CODE_SIGN_STYLE = Automatic;
				DEVELOPMENT_TEAM = QHN66A8TTR;
				INFOPLIST_FILE = TextField/Info.plist;
				LD_RUNPATH_SEARCH_PATHS = (
					"$(inherited)",
					"@executable_path/Frameworks",
				);
				PRODUCT_BUNDLE_IDENTIFIER = com.AlexTrott.TextField;
				PRODUCT_NAME = "$(TARGET_NAME)";
				SWIFT_VERSION = 5.0;
				TARGETED_DEVICE_FAMILY = "1,2";
			};
			name = Debug;
		};
		FAEB84E02392C75300103EB9 /* Release */ = {
			isa = XCBuildConfiguration;
			buildSettings = {
				ASSETCATALOG_COMPILER_APPICON_NAME = AppIcon;
				CODE_SIGN_STYLE = Automatic;
				DEVELOPMENT_TEAM = QHN66A8TTR;
				INFOPLIST_FILE = TextField/Info.plist;
				LD_RUNPATH_SEARCH_PATHS = (
					"$(inherited)",
					"@executable_path/Frameworks",
				);
				PRODUCT_BUNDLE_IDENTIFIER = com.AlexTrott.TextField;
				PRODUCT_NAME = "$(TARGET_NAME)";
				SWIFT_VERSION = 5.0;
				TARGETED_DEVICE_FAMILY = "1,2";
			};
			name = Release;
		};
		FAEB84E22392C75300103EB9 /* Debug */ = {
			isa = XCBuildConfiguration;
			buildSettings = {
				ALWAYS_EMBED_SWIFT_STANDARD_LIBRARIES = YES;
				CODE_SIGN_STYLE = Automatic;
				DEVELOPMENT_TEAM = QHN66A8TTR;
				INFOPLIST_FILE = TextFieldUITests/Info.plist;
				LD_RUNPATH_SEARCH_PATHS = (
					"$(inherited)",
					"@executable_path/Frameworks",
					"@loader_path/Frameworks",
				);
				PRODUCT_BUNDLE_IDENTIFIER = com.AlexTrott.TextFieldUITests;
				PRODUCT_NAME = "$(TARGET_NAME)";
				SWIFT_VERSION = 5.0;
				TARGETED_DEVICE_FAMILY = "1,2";
				TEST_TARGET_NAME = TextField;
			};
			name = Debug;
		};
		FAEB84E32392C75300103EB9 /* Release */ = {
			isa = XCBuildConfiguration;
			buildSettings = {
				ALWAYS_EMBED_SWIFT_STANDARD_LIBRARIES = YES;
				CODE_SIGN_STYLE = Automatic;
				DEVELOPMENT_TEAM = QHN66A8TTR;
				INFOPLIST_FILE = TextFieldUITests/Info.plist;
				LD_RUNPATH_SEARCH_PATHS = (
					"$(inherited)",
					"@executable_path/Frameworks",
					"@loader_path/Frameworks",
				);
				PRODUCT_BUNDLE_IDENTIFIER = com.AlexTrott.TextFieldUITests;
				PRODUCT_NAME = "$(TARGET_NAME)";
				SWIFT_VERSION = 5.0;
				TARGETED_DEVICE_FAMILY = "1,2";
				TEST_TARGET_NAME = TextField;
			};
			name = Release;
		};
/* End XCBuildConfiguration section */

/* Begin XCConfigurationList section */
		FAEB84BA2392C75100103EB9 /* Build configuration list for PBXProject "TextField" */ = {
			isa = XCConfigurationList;
			buildConfigurations = (
				FAEB84DC2392C75300103EB9 /* Debug */,
				FAEB84DD2392C75300103EB9 /* Release */,
			);
			defaultConfigurationIsVisible = 0;
			defaultConfigurationName = Release;
		};
		FAEB84DE2392C75300103EB9 /* Build configuration list for PBXNativeTarget "TextField" */ = {
			isa = XCConfigurationList;
			buildConfigurations = (
				FAEB84DF2392C75300103EB9 /* Debug */,
				FAEB84E02392C75300103EB9 /* Release */,
			);
			defaultConfigurationIsVisible = 0;
			defaultConfigurationName = Release;
		};
		FAEB84E12392C75300103EB9 /* Build configuration list for PBXNativeTarget "TextFieldUITests" */ = {
			isa = XCConfigurationList;
			buildConfigurations = (
				FAEB84E22392C75300103EB9 /* Debug */,
				FAEB84E32392C75300103EB9 /* Release */,
			);
			defaultConfigurationIsVisible = 0;
			defaultConfigurationName = Release;
		};
/* End XCConfigurationList section */
	};
	rootObject = FAEB84B72392C75100103EB9 /* Project object */;
}
